PODS:
  - AlignedCollectionViewFlowLayout (1.1.2)
  - Apollo (0.51.2):
    - Apollo/Core (= 0.51.2)
  - Apollo/Core (0.51.2)
  - DropDown (2.3.13)
  - FSCalendar (2.8.4)
  - RxCocoa (6.5.0):
    - RxRelay (= 6.5.0)
    - RxSwift (= 6.5.0)
  - RxGesture (4.0.4):
    - RxCocoa (~> 6.0)
    - RxSwift (~> 6.0)
  - RxRelay (6.5.0):
    - RxSwift (= 6.5.0)
  - RxSwift (6.5.0)
  - SnapKit (5.6.0)
  - SwiftLint (0.47.1)
  - Then (3.0.0)

DEPENDENCIES:
  - AlignedCollectionViewFlowLayout
  - Apollo
  - DropDown (= 2.3.13)
  - FSCalendar
  - RxCocoa
  - RxGesture
  - RxSwift
  - SnapKit
  - SwiftLint
  - Then

SPEC REPOS:
  trunk:
    - AlignedCollectionViewFlowLayout
    - Apollo
    - DropDown
    - FSCalendar
    - RxCocoa
    - RxGesture
    - RxRelay
    - RxSwift
    - SnapKit
    - SwiftLint
    - Then

SPEC CHECKSUMS:
  AlignedCollectionViewFlowLayout: ee2ef451e741ec08f8e0967d828001e2f051c20a
  Apollo: e5bc805c3f3556c18edc4eae4e2ea4723cea2318
  DropDown: 8a2116376c1981888557f72ec2ffc9a5e0e456ec
  FSCalendar: 2d1d0d9398f12d439f55c1fe0f01525b151b8260
  RxCocoa: 94f817b71c07517321eb4f9ad299112ca8af743b
  RxGesture: f3efb47ed2d26a8082f7b660d4a59970e275a7f8
  RxRelay: 1de1523e604c72b6c68feadedd1af3b1b4d0ecbd
  RxSwift: 5710a9e6b17f3c3d6e40d6e559b9fa1e813b2ef8
  SnapKit: e01d52ebb8ddbc333eefe2132acf85c8227d9c25
  SwiftLint: f80f1be7fa96d30e0aa68e58d45d4ea1ccaac519
  Then: 844265ae87834bbe1147d91d5d41a404da2ec27d

PODFILE CHECKSUM: 4c594fede74472c69e8ad9cb3dd5d8ea2627888d

COCOAPODS: 1.11.3
