PODS:
  - Differentiator (5.0.0)
  - RxCocoa (6.5.0):
    - RxRelay (= 6.5.0)
    - RxSwift (= 6.5.0)
  - RxDataSources (5.0.0):
    - Differentiator (~> 5.0)
    - RxCocoa (~> 6.0)
    - RxSwift (~> 6.0)
  - RxRelay (6.5.0):
    - RxSwift (= 6.5.0)
  - RxSwift (6.5.0)
  - SnapKit (5.6.0)
  - SwiftLint (0.47.1)
  - Then (3.0.0)

DEPENDENCIES:
  - RxCocoa
  - RxDataSources
  - RxSwift
  - SnapKit
  - SwiftLint
  - Then

SPEC REPOS:
  trunk:
    - Differentiator
    - RxCocoa
    - RxDataSources
    - RxRelay
    - RxSwift
    - SnapKit
    - SwiftLint
    - Then

SPEC CHECKSUMS:
  Differentiator: e8497ceab83c1b10ca233716d547b9af21b9344d
  RxCocoa: 94f817b71c07517321eb4f9ad299112ca8af743b
  RxDataSources: aa47cc1ed6c500fa0dfecac5c979b723542d79cf
  RxRelay: 1de1523e604c72b6c68feadedd1af3b1b4d0ecbd
  RxSwift: 5710a9e6b17f3c3d6e40d6e559b9fa1e813b2ef8
  SnapKit: e01d52ebb8ddbc333eefe2132acf85c8227d9c25
  SwiftLint: f80f1be7fa96d30e0aa68e58d45d4ea1ccaac519
  Then: 844265ae87834bbe1147d91d5d41a404da2ec27d

PODFILE CHECKSUM: fe63e21567f31e9eb0d012c779438fd247563e0b

COCOAPODS: 1.11.3
