// !$*UTF8*$!
{
	archiveVersion = 1;
	classes = {
	};
	objectVersion = 55;
	objects = {

/* Begin PBXBuildFile section */
		7D3B1F54283630A50037504A /* WTextField.swift in Sources */ = {isa = PBXBuildFile; fileRef = 7D3B1F53283630A50037504A /* WTextField.swift */; };
		7D648FBD282367F600F5D0B5 /* .swiftlint.yml in Resources */ = {isa = PBXBuildFile; fileRef = 7D648FBC282367F600F5D0B5 /* .swiftlint.yml */; };
		7DC166A92837140000F1A8F1 /* SignUpViewController.swift in Sources */ = {isa = PBXBuildFile; fileRef = 7DC166A82837140000F1A8F1 /* SignUpViewController.swift */; };
		7DC166AB2837140B00F1A8F1 /* SignInViewController.swift in Sources */ = {isa = PBXBuildFile; fileRef = 7DC166AA2837140B00F1A8F1 /* SignInViewController.swift */; };
		7DC166B12837145200F1A8F1 /* SignUpViewModel.swift in Sources */ = {isa = PBXBuildFile; fileRef = 7DC166B02837145200F1A8F1 /* SignUpViewModel.swift */; };
		7DC166B42837148000F1A8F1 /* SignInViewModel.swift in Sources */ = {isa = PBXBuildFile; fileRef = 7DC166B32837148000F1A8F1 /* SignInViewModel.swift */; };
		7DC166BC28371B0C00F1A8F1 /* ColorSet.swift in Sources */ = {isa = PBXBuildFile; fileRef = 7DC166BB28371B0C00F1A8F1 /* ColorSet.swift */; };
		7DC166BE28371C4E00F1A8F1 /* WDefaultButton.swift in Sources */ = {isa = PBXBuildFile; fileRef = 7DC166BD28371C4E00F1A8F1 /* WDefaultButton.swift */; };
		7DC166C02837234200F1A8F1 /* WButtonTextField.swift in Sources */ = {isa = PBXBuildFile; fileRef = 7DC166BF2837234200F1A8F1 /* WButtonTextField.swift */; };
		7DC166C228372ACF00F1A8F1 /* Inset.swift in Sources */ = {isa = PBXBuildFile; fileRef = 7DC166C128372ACF00F1A8F1 /* Inset.swift */; };
		7DF8B7A928361FB100B224CA /* PretendardVariable.ttf in Resources */ = {isa = PBXBuildFile; fileRef = 7DF8B7A828361FB100B224CA /* PretendardVariable.ttf */; };
		7DF8B7AC2836250400B224CA /* UIColor+hex.swift in Sources */ = {isa = PBXBuildFile; fileRef = 7DF8B7AB2836250400B224CA /* UIColor+hex.swift */; };
		E8BDADFB0F95046E8D0F4BE0 /* Pods_Weekand.framework in Frameworks */ = {isa = PBXBuildFile; fileRef = CE9D2BB6CD51E7E4E27DE406 /* Pods_Weekand.framework */; };
		F32ACC0228235D500082AF30 /* AppDelegate.swift in Sources */ = {isa = PBXBuildFile; fileRef = F32ACC0128235D500082AF30 /* AppDelegate.swift */; };
		F32ACC0428235D500082AF30 /* SceneDelegate.swift in Sources */ = {isa = PBXBuildFile; fileRef = F32ACC0328235D500082AF30 /* SceneDelegate.swift */; };
		F32ACC0628235D500082AF30 /* ViewController.swift in Sources */ = {isa = PBXBuildFile; fileRef = F32ACC0528235D500082AF30 /* ViewController.swift */; };
		F32ACC0928235D500082AF30 /* Main.storyboard in Resources */ = {isa = PBXBuildFile; fileRef = F32ACC0728235D500082AF30 /* Main.storyboard */; };
		F32ACC0B28235D530082AF30 /* Assets.xcassets in Resources */ = {isa = PBXBuildFile; fileRef = F32ACC0A28235D530082AF30 /* Assets.xcassets */; };
		F32ACC0E28235D530082AF30 /* LaunchScreen.storyboard in Resources */ = {isa = PBXBuildFile; fileRef = F32ACC0C28235D530082AF30 /* LaunchScreen.storyboard */; };
		F391B42D2837D4D1004E7B06 /* Preview.swift in Sources */ = {isa = PBXBuildFile; fileRef = F391B42C2837D4D0004E7B06 /* Preview.swift */; };
/* End PBXBuildFile section */

/* Begin PBXFileReference section */
		2F9EA8129964B7F5609AAF6E /* Pods-Weekand.debug.xcconfig */ = {isa = PBXFileReference; includeInIndex = 1; lastKnownFileType = text.xcconfig; name = "Pods-Weekand.debug.xcconfig"; path = "Target Support Files/Pods-Weekand/Pods-Weekand.debug.xcconfig"; sourceTree = "<group>"; };
		7D3B1F53283630A50037504A /* WTextField.swift */ = {isa = PBXFileReference; lastKnownFileType = sourcecode.swift; path = WTextField.swift; sourceTree = "<group>"; };
		7D648FBC282367F600F5D0B5 /* .swiftlint.yml */ = {isa = PBXFileReference; lastKnownFileType = text.yaml; path = .swiftlint.yml; sourceTree = "<group>"; };
		7DC166A82837140000F1A8F1 /* SignUpViewController.swift */ = {isa = PBXFileReference; lastKnownFileType = sourcecode.swift; path = SignUpViewController.swift; sourceTree = "<group>"; };
		7DC166AA2837140B00F1A8F1 /* SignInViewController.swift */ = {isa = PBXFileReference; lastKnownFileType = sourcecode.swift; path = SignInViewController.swift; sourceTree = "<group>"; };
		7DC166B02837145200F1A8F1 /* SignUpViewModel.swift */ = {isa = PBXFileReference; lastKnownFileType = sourcecode.swift; path = SignUpViewModel.swift; sourceTree = "<group>"; };
		7DC166B32837148000F1A8F1 /* SignInViewModel.swift */ = {isa = PBXFileReference; lastKnownFileType = sourcecode.swift; path = SignInViewModel.swift; sourceTree = "<group>"; };
		7DC166BB28371B0C00F1A8F1 /* ColorSet.swift */ = {isa = PBXFileReference; lastKnownFileType = sourcecode.swift; path = ColorSet.swift; sourceTree = "<group>"; };
		7DC166BD28371C4E00F1A8F1 /* WDefaultButton.swift */ = {isa = PBXFileReference; lastKnownFileType = sourcecode.swift; path = WDefaultButton.swift; sourceTree = "<group>"; };
		7DC166BF2837234200F1A8F1 /* WButtonTextField.swift */ = {isa = PBXFileReference; lastKnownFileType = sourcecode.swift; path = WButtonTextField.swift; sourceTree = "<group>"; };
		7DC166C128372ACF00F1A8F1 /* Inset.swift */ = {isa = PBXFileReference; lastKnownFileType = sourcecode.swift; path = Inset.swift; sourceTree = "<group>"; };
		7DF8B7A828361FB100B224CA /* PretendardVariable.ttf */ = {isa = PBXFileReference; lastKnownFileType = file; path = PretendardVariable.ttf; sourceTree = "<group>"; };
		7DF8B7AB2836250400B224CA /* UIColor+hex.swift */ = {isa = PBXFileReference; lastKnownFileType = sourcecode.swift; path = "UIColor+hex.swift"; sourceTree = "<group>"; };
		CE9D2BB6CD51E7E4E27DE406 /* Pods_Weekand.framework */ = {isa = PBXFileReference; explicitFileType = wrapper.framework; includeInIndex = 0; path = Pods_Weekand.framework; sourceTree = BUILT_PRODUCTS_DIR; };
		F32ACBFE28235D500082AF30 /* Weekand.app */ = {isa = PBXFileReference; explicitFileType = wrapper.application; includeInIndex = 0; path = Weekand.app; sourceTree = BUILT_PRODUCTS_DIR; };
		F32ACC0128235D500082AF30 /* AppDelegate.swift */ = {isa = PBXFileReference; lastKnownFileType = sourcecode.swift; path = AppDelegate.swift; sourceTree = "<group>"; };
		F32ACC0328235D500082AF30 /* SceneDelegate.swift */ = {isa = PBXFileReference; lastKnownFileType = sourcecode.swift; path = SceneDelegate.swift; sourceTree = "<group>"; };
		F32ACC0528235D500082AF30 /* ViewController.swift */ = {isa = PBXFileReference; lastKnownFileType = sourcecode.swift; path = ViewController.swift; sourceTree = "<group>"; };
		F32ACC0828235D500082AF30 /* Base */ = {isa = PBXFileReference; lastKnownFileType = file.storyboard; name = Base; path = Base.lproj/Main.storyboard; sourceTree = "<group>"; };
		F32ACC0A28235D530082AF30 /* Assets.xcassets */ = {isa = PBXFileReference; lastKnownFileType = folder.assetcatalog; path = Assets.xcassets; sourceTree = "<group>"; };
		F32ACC0D28235D530082AF30 /* Base */ = {isa = PBXFileReference; lastKnownFileType = file.storyboard; name = Base; path = Base.lproj/LaunchScreen.storyboard; sourceTree = "<group>"; };
		F32ACC0F28235D530082AF30 /* Info.plist */ = {isa = PBXFileReference; lastKnownFileType = text.plist.xml; path = Info.plist; sourceTree = "<group>"; };
		F391B42C2837D4D0004E7B06 /* Preview.swift */ = {isa = PBXFileReference; lastKnownFileType = sourcecode.swift; path = Preview.swift; sourceTree = "<group>"; };
		F77A7360107CB67CF89A6DEF /* Pods-Weekand.release.xcconfig */ = {isa = PBXFileReference; includeInIndex = 1; lastKnownFileType = text.xcconfig; name = "Pods-Weekand.release.xcconfig"; path = "Target Support Files/Pods-Weekand/Pods-Weekand.release.xcconfig"; sourceTree = "<group>"; };
/* End PBXFileReference section */

/* Begin PBXFrameworksBuildPhase section */
		F32ACBFB28235D500082AF30 /* Frameworks */ = {
			isa = PBXFrameworksBuildPhase;
			buildActionMask = 2147483647;
			files = (
				E8BDADFB0F95046E8D0F4BE0 /* Pods_Weekand.framework in Frameworks */,
			);
			runOnlyForDeploymentPostprocessing = 0;
		};
/* End PBXFrameworksBuildPhase section */

/* Begin PBXGroup section */
		0DF1D2DF7666D0B0F04D4CE2 /* Pods */ = {
			isa = PBXGroup;
			children = (
				2F9EA8129964B7F5609AAF6E /* Pods-Weekand.debug.xcconfig */,
				F77A7360107CB67CF89A6DEF /* Pods-Weekand.release.xcconfig */,
			);
			path = Pods;
			sourceTree = "<group>";
		};
		555089E8C7A86EDE40DF8F0F /* Frameworks */ = {
			isa = PBXGroup;
			children = (
				CE9D2BB6CD51E7E4E27DE406 /* Pods_Weekand.framework */,
			);
			name = Frameworks;
			sourceTree = "<group>";
		};
		7D3B1F5528363CFB0037504A /* Base */ = {
			isa = PBXGroup;
			children = (
				F32ACC0728235D500082AF30 /* Main.storyboard */,
				F32ACC0C28235D530082AF30 /* LaunchScreen.storyboard */,
			);
			path = Base;
			sourceTree = "<group>";
		};
		7D3B1F5628363D2D0037504A /* Application */ = {
			isa = PBXGroup;
			children = (
				F32ACC0328235D500082AF30 /* SceneDelegate.swift */,
				F32ACC0128235D500082AF30 /* AppDelegate.swift */,
			);
			path = Application;
			sourceTree = "<group>";
		};
		7D3B1F5828363D8A0037504A /* Presentation */ = {
			isa = PBXGroup;
			children = (
				F32ACC0528235D500082AF30 /* ViewController.swift */,
				7DC166B6283714EE00F1A8F1 /* Common */,
				7DC166A72837139300F1A8F1 /* SignScene */,
				7DC166B72837157500F1A8F1 /* Utils */,
			);
			path = Presentation;
			sourceTree = "<group>";
		};
		7DC166A72837139300F1A8F1 /* SignScene */ = {
			isa = PBXGroup;
			children = (
				7DC166AC2837141800F1A8F1 /* SignUp */,
				7DC166AD2837141F00F1A8F1 /* SignIn */,
			);
			path = SignScene;
			sourceTree = "<group>";
		};
		7DC166AC2837141800F1A8F1 /* SignUp */ = {
			isa = PBXGroup;
			children = (
				7DC166AF2837144300F1A8F1 /* ViewModel */,
				7DC166AE2837143700F1A8F1 /* View */,
			);
			path = SignUp;
			sourceTree = "<group>";
		};
		7DC166AD2837141F00F1A8F1 /* SignIn */ = {
			isa = PBXGroup;
			children = (
				7DC166B52837148700F1A8F1 /* ViewModel */,
				7DC166B22837147500F1A8F1 /* View */,
			);
			path = SignIn;
			sourceTree = "<group>";
		};
		7DC166AE2837143700F1A8F1 /* View */ = {
			isa = PBXGroup;
			children = (
				7DC166A82837140000F1A8F1 /* SignUpViewController.swift */,
			);
			path = View;
			sourceTree = "<group>";
		};
		7DC166AF2837144300F1A8F1 /* ViewModel */ = {
			isa = PBXGroup;
			children = (
				7DC166B02837145200F1A8F1 /* SignUpViewModel.swift */,
			);
			path = ViewModel;
			sourceTree = "<group>";
		};
		7DC166B22837147500F1A8F1 /* View */ = {
			isa = PBXGroup;
			children = (
				7DC166AA2837140B00F1A8F1 /* SignInViewController.swift */,
			);
			path = View;
			sourceTree = "<group>";
		};
		7DC166B52837148700F1A8F1 /* ViewModel */ = {
			isa = PBXGroup;
			children = (
				7DC166B32837148000F1A8F1 /* SignInViewModel.swift */,
			);
			path = ViewModel;
			sourceTree = "<group>";
		};
		7DC166B6283714EE00F1A8F1 /* Common */ = {
			isa = PBXGroup;
			children = (
				7DC166B928371AF100F1A8F1 /* View */,
			);
			path = Common;
			sourceTree = "<group>";
		};
		7DC166B72837157500F1A8F1 /* Utils */ = {
			isa = PBXGroup;
			children = (
				7DF8B7AB2836250400B224CA /* UIColor+hex.swift */,
				7DC166BB28371B0C00F1A8F1 /* ColorSet.swift */,
				7DC166C128372ACF00F1A8F1 /* Inset.swift */,
			);
			path = Utils;
			sourceTree = "<group>";
		};
		7DC166B8283717FA00F1A8F1 /* Resources */ = {
			isa = PBXGroup;
			children = (
				F32ACC0F28235D530082AF30 /* Info.plist */,
				F32ACC0A28235D530082AF30 /* Assets.xcassets */,
			);
			path = Resources;
			sourceTree = "<group>";
		};
		7DC166B928371AF100F1A8F1 /* View */ = {
			isa = PBXGroup;
			children = (
				7D3B1F53283630A50037504A /* WTextField.swift */,
				7DC166BD28371C4E00F1A8F1 /* WDefaultButton.swift */,
				7DC166BF2837234200F1A8F1 /* WButtonTextField.swift */,
			);
			path = View;
			sourceTree = "<group>";
		};
		7DF8B7AA28361FB500B224CA /* Supporting Files */ = {
			isa = PBXGroup;
			children = (
				F391B42C2837D4D0004E7B06 /* Preview.swift */,
				7DF8B7A828361FB100B224CA /* PretendardVariable.ttf */,
			);
			path = "Supporting Files";
			sourceTree = "<group>";
		};
		F32ACBF528235D500082AF30 = {
			isa = PBXGroup;
			children = (
				7D648FBC282367F600F5D0B5 /* .swiftlint.yml */,
				F32ACC0028235D500082AF30 /* Weekand */,
				7DF8B7AA28361FB500B224CA /* Supporting Files */,
				F32ACBFF28235D500082AF30 /* Products */,
				0DF1D2DF7666D0B0F04D4CE2 /* Pods */,
				555089E8C7A86EDE40DF8F0F /* Frameworks */,
			);
			sourceTree = "<group>";
		};
		F32ACBFF28235D500082AF30 /* Products */ = {
			isa = PBXGroup;
			children = (
				F32ACBFE28235D500082AF30 /* Weekand.app */,
			);
			name = Products;
			sourceTree = "<group>";
		};
		F32ACC0028235D500082AF30 /* Weekand */ = {
			isa = PBXGroup;
			children = (
				7D3B1F5628363D2D0037504A /* Application */,
				7D3B1F5528363CFB0037504A /* Base */,
				7D3B1F5828363D8A0037504A /* Presentation */,
				7DC166B8283717FA00F1A8F1 /* Resources */,
			);
			path = Weekand;
			sourceTree = "<group>";
		};
/* End PBXGroup section */

/* Begin PBXNativeTarget section */
		F32ACBFD28235D500082AF30 /* Weekand */ = {
			isa = PBXNativeTarget;
			buildConfigurationList = F32ACC1228235D530082AF30 /* Build configuration list for PBXNativeTarget "Weekand" */;
			buildPhases = (
				398E91202B3E986D951DD299 /* [CP] Check Pods Manifest.lock */,
				F32ACBFA28235D500082AF30 /* Sources */,
				F32ACBFB28235D500082AF30 /* Frameworks */,
				F32ACBFC28235D500082AF30 /* Resources */,
				CB39128212005A9836602361 /* [CP] Embed Pods Frameworks */,
				7D648FBB282366F200F5D0B5 /* ShellScript */,
			);
			buildRules = (
			);
			dependencies = (
			);
			name = Weekand;
			productName = Weekand;
			productReference = F32ACBFE28235D500082AF30 /* Weekand.app */;
			productType = "com.apple.product-type.application";
		};
/* End PBXNativeTarget section */

/* Begin PBXProject section */
		F32ACBF628235D500082AF30 /* Project object */ = {
			isa = PBXProject;
			attributes = {
				BuildIndependentTargetsInParallel = 1;
				LastSwiftUpdateCheck = 1300;
				LastUpgradeCheck = 1300;
				TargetAttributes = {
					F32ACBFD28235D500082AF30 = {
						CreatedOnToolsVersion = 13.0;
					};
				};
			};
			buildConfigurationList = F32ACBF928235D500082AF30 /* Build configuration list for PBXProject "Weekand" */;
			compatibilityVersion = "Xcode 13.0";
			developmentRegion = en;
			hasScannedForEncodings = 0;
			knownRegions = (
				en,
				Base,
			);
			mainGroup = F32ACBF528235D500082AF30;
			productRefGroup = F32ACBFF28235D500082AF30 /* Products */;
			projectDirPath = "";
			projectRoot = "";
			targets = (
				F32ACBFD28235D500082AF30 /* Weekand */,
			);
		};
/* End PBXProject section */

/* Begin PBXResourcesBuildPhase section */
		F32ACBFC28235D500082AF30 /* Resources */ = {
			isa = PBXResourcesBuildPhase;
			buildActionMask = 2147483647;
			files = (
				7DF8B7A928361FB100B224CA /* PretendardVariable.ttf in Resources */,
				7D648FBD282367F600F5D0B5 /* .swiftlint.yml in Resources */,
				F32ACC0E28235D530082AF30 /* LaunchScreen.storyboard in Resources */,
				F32ACC0B28235D530082AF30 /* Assets.xcassets in Resources */,
				F32ACC0928235D500082AF30 /* Main.storyboard in Resources */,
			);
			runOnlyForDeploymentPostprocessing = 0;
		};
/* End PBXResourcesBuildPhase section */

/* Begin PBXShellScriptBuildPhase section */
		398E91202B3E986D951DD299 /* [CP] Check Pods Manifest.lock */ = {
			isa = PBXShellScriptBuildPhase;
			buildActionMask = 2147483647;
			files = (
			);
			inputFileListPaths = (
			);
			inputPaths = (
				"${PODS_PODFILE_DIR_PATH}/Podfile.lock",
				"${PODS_ROOT}/Manifest.lock",
			);
			name = "[CP] Check Pods Manifest.lock";
			outputFileListPaths = (
			);
			outputPaths = (
				"$(DERIVED_FILE_DIR)/Pods-Weekand-checkManifestLockResult.txt",
			);
			runOnlyForDeploymentPostprocessing = 0;
			shellPath = /bin/sh;
			shellScript = "diff \"${PODS_PODFILE_DIR_PATH}/Podfile.lock\" \"${PODS_ROOT}/Manifest.lock\" > /dev/null\nif [ $? != 0 ] ; then\n    # print error to STDERR\n    echo \"error: The sandbox is not in sync with the Podfile.lock. Run 'pod install' or update your CocoaPods installation.\" >&2\n    exit 1\nfi\n# This output is used by Xcode 'outputs' to avoid re-running this script phase.\necho \"SUCCESS\" > \"${SCRIPT_OUTPUT_FILE_0}\"\n";
			showEnvVarsInLog = 0;
		};
		7D648FBB282366F200F5D0B5 /* ShellScript */ = {
			isa = PBXShellScriptBuildPhase;
			buildActionMask = 2147483647;
			files = (
			);
			inputFileListPaths = (
			);
			inputPaths = (
			);
			outputFileListPaths = (
			);
			outputPaths = (
			);
			runOnlyForDeploymentPostprocessing = 0;
			shellPath = /bin/sh;
			shellScript = "# Type a script or drag a script file from your workspace to insert its path.\n\"${PODS_ROOT}/SwiftLint/swiftlint\"\n";
		};
		CB39128212005A9836602361 /* [CP] Embed Pods Frameworks */ = {
			isa = PBXShellScriptBuildPhase;
			buildActionMask = 2147483647;
			files = (
			);
			inputFileListPaths = (
				"${PODS_ROOT}/Target Support Files/Pods-Weekand/Pods-Weekand-frameworks-${CONFIGURATION}-input-files.xcfilelist",
			);
			name = "[CP] Embed Pods Frameworks";
			outputFileListPaths = (
				"${PODS_ROOT}/Target Support Files/Pods-Weekand/Pods-Weekand-frameworks-${CONFIGURATION}-output-files.xcfilelist",
			);
			runOnlyForDeploymentPostprocessing = 0;
			shellPath = /bin/sh;
			shellScript = "\"${PODS_ROOT}/Target Support Files/Pods-Weekand/Pods-Weekand-frameworks.sh\"\n";
			showEnvVarsInLog = 0;
		};
/* End PBXShellScriptBuildPhase section */

/* Begin PBXSourcesBuildPhase section */
		F32ACBFA28235D500082AF30 /* Sources */ = {
			isa = PBXSourcesBuildPhase;
			buildActionMask = 2147483647;
			files = (
				7DC166AB2837140B00F1A8F1 /* SignInViewController.swift in Sources */,
				7DC166A92837140000F1A8F1 /* SignUpViewController.swift in Sources */,
				7DC166B12837145200F1A8F1 /* SignUpViewModel.swift in Sources */,
				7DC166BC28371B0C00F1A8F1 /* ColorSet.swift in Sources */,
				F391B42D2837D4D1004E7B06 /* Preview.swift in Sources */,
				F32ACC0628235D500082AF30 /* ViewController.swift in Sources */,
				7DC166BE28371C4E00F1A8F1 /* WDefaultButton.swift in Sources */,
				7DF8B7AC2836250400B224CA /* UIColor+hex.swift in Sources */,
				7DC166B42837148000F1A8F1 /* SignInViewModel.swift in Sources */,
				7D3B1F54283630A50037504A /* WTextField.swift in Sources */,
				7DC166C228372ACF00F1A8F1 /* Inset.swift in Sources */,
				7DC166C02837234200F1A8F1 /* WButtonTextField.swift in Sources */,
				F32ACC0228235D500082AF30 /* AppDelegate.swift in Sources */,
				F32ACC0428235D500082AF30 /* SceneDelegate.swift in Sources */,
			);
			runOnlyForDeploymentPostprocessing = 0;
		};
/* End PBXSourcesBuildPhase section */

/* Begin PBXVariantGroup section */
		F32ACC0728235D500082AF30 /* Main.storyboard */ = {
			isa = PBXVariantGroup;
			children = (
				F32ACC0828235D500082AF30 /* Base */,
			);
			name = Main.storyboard;
			sourceTree = "<group>";
		};
		F32ACC0C28235D530082AF30 /* LaunchScreen.storyboard */ = {
			isa = PBXVariantGroup;
			children = (
				F32ACC0D28235D530082AF30 /* Base */,
			);
			name = LaunchScreen.storyboard;
			sourceTree = "<group>";
		};
/* End PBXVariantGroup section */

/* Begin XCBuildConfiguration section */
		F32ACC1028235D530082AF30 /* Debug */ = {
			isa = XCBuildConfiguration;
			buildSettings = {
				ALWAYS_SEARCH_USER_PATHS = NO;
				CLANG_ANALYZER_NONNULL = YES;
				CLANG_ANALYZER_NUMBER_OBJECT_CONVERSION = YES_AGGRESSIVE;
				CLANG_CXX_LANGUAGE_STANDARD = "gnu++17";
				CLANG_CXX_LIBRARY = "libc++";
				CLANG_ENABLE_MODULES = YES;
				CLANG_ENABLE_OBJC_ARC = YES;
				CLANG_ENABLE_OBJC_WEAK = YES;
				CLANG_WARN_BLOCK_CAPTURE_AUTORELEASING = YES;
				CLANG_WARN_BOOL_CONVERSION = YES;
				CLANG_WARN_COMMA = YES;
				CLANG_WARN_CONSTANT_CONVERSION = YES;
				CLANG_WARN_DEPRECATED_OBJC_IMPLEMENTATIONS = YES;
				CLANG_WARN_DIRECT_OBJC_ISA_USAGE = YES_ERROR;
				CLANG_WARN_DOCUMENTATION_COMMENTS = YES;
				CLANG_WARN_EMPTY_BODY = YES;
				CLANG_WARN_ENUM_CONVERSION = YES;
				CLANG_WARN_INFINITE_RECURSION = YES;
				CLANG_WARN_INT_CONVERSION = YES;
				CLANG_WARN_NON_LITERAL_NULL_CONVERSION = YES;
				CLANG_WARN_OBJC_IMPLICIT_RETAIN_SELF = YES;
				CLANG_WARN_OBJC_LITERAL_CONVERSION = YES;
				CLANG_WARN_OBJC_ROOT_CLASS = YES_ERROR;
				CLANG_WARN_QUOTED_INCLUDE_IN_FRAMEWORK_HEADER = YES;
				CLANG_WARN_RANGE_LOOP_ANALYSIS = YES;
				CLANG_WARN_STRICT_PROTOTYPES = YES;
				CLANG_WARN_SUSPICIOUS_MOVE = YES;
				CLANG_WARN_UNGUARDED_AVAILABILITY = YES_AGGRESSIVE;
				CLANG_WARN_UNREACHABLE_CODE = YES;
				CLANG_WARN__DUPLICATE_METHOD_MATCH = YES;
				COPY_PHASE_STRIP = NO;
				DEBUG_INFORMATION_FORMAT = dwarf;
				ENABLE_STRICT_OBJC_MSGSEND = YES;
				ENABLE_TESTABILITY = YES;
				GCC_C_LANGUAGE_STANDARD = gnu11;
				GCC_DYNAMIC_NO_PIC = NO;
				GCC_NO_COMMON_BLOCKS = YES;
				GCC_OPTIMIZATION_LEVEL = 0;
				GCC_PREPROCESSOR_DEFINITIONS = (
					"DEBUG=1",
					"$(inherited)",
				);
				GCC_WARN_64_TO_32_BIT_CONVERSION = YES;
				GCC_WARN_ABOUT_RETURN_TYPE = YES_ERROR;
				GCC_WARN_UNDECLARED_SELECTOR = YES;
				GCC_WARN_UNINITIALIZED_AUTOS = YES_AGGRESSIVE;
				GCC_WARN_UNUSED_FUNCTION = YES;
				GCC_WARN_UNUSED_VARIABLE = YES;
				IPHONEOS_DEPLOYMENT_TARGET = 14.0;
				MTL_ENABLE_DEBUG_INFO = INCLUDE_SOURCE;
				MTL_FAST_MATH = YES;
				ONLY_ACTIVE_ARCH = YES;
				SDKROOT = iphoneos;
				SWIFT_ACTIVE_COMPILATION_CONDITIONS = DEBUG;
				SWIFT_OPTIMIZATION_LEVEL = "-Onone";
			};
			name = Debug;
		};
		F32ACC1128235D530082AF30 /* Release */ = {
			isa = XCBuildConfiguration;
			buildSettings = {
				ALWAYS_SEARCH_USER_PATHS = NO;
				CLANG_ANALYZER_NONNULL = YES;
				CLANG_ANALYZER_NUMBER_OBJECT_CONVERSION = YES_AGGRESSIVE;
				CLANG_CXX_LANGUAGE_STANDARD = "gnu++17";
				CLANG_CXX_LIBRARY = "libc++";
				CLANG_ENABLE_MODULES = YES;
				CLANG_ENABLE_OBJC_ARC = YES;
				CLANG_ENABLE_OBJC_WEAK = YES;
				CLANG_WARN_BLOCK_CAPTURE_AUTORELEASING = YES;
				CLANG_WARN_BOOL_CONVERSION = YES;
				CLANG_WARN_COMMA = YES;
				CLANG_WARN_CONSTANT_CONVERSION = YES;
				CLANG_WARN_DEPRECATED_OBJC_IMPLEMENTATIONS = YES;
				CLANG_WARN_DIRECT_OBJC_ISA_USAGE = YES_ERROR;
				CLANG_WARN_DOCUMENTATION_COMMENTS = YES;
				CLANG_WARN_EMPTY_BODY = YES;
				CLANG_WARN_ENUM_CONVERSION = YES;
				CLANG_WARN_INFINITE_RECURSION = YES;
				CLANG_WARN_INT_CONVERSION = YES;
				CLANG_WARN_NON_LITERAL_NULL_CONVERSION = YES;
				CLANG_WARN_OBJC_IMPLICIT_RETAIN_SELF = YES;
				CLANG_WARN_OBJC_LITERAL_CONVERSION = YES;
				CLANG_WARN_OBJC_ROOT_CLASS = YES_ERROR;
				CLANG_WARN_QUOTED_INCLUDE_IN_FRAMEWORK_HEADER = YES;
				CLANG_WARN_RANGE_LOOP_ANALYSIS = YES;
				CLANG_WARN_STRICT_PROTOTYPES = YES;
				CLANG_WARN_SUSPICIOUS_MOVE = YES;
				CLANG_WARN_UNGUARDED_AVAILABILITY = YES_AGGRESSIVE;
				CLANG_WARN_UNREACHABLE_CODE = YES;
				CLANG_WARN__DUPLICATE_METHOD_MATCH = YES;
				COPY_PHASE_STRIP = NO;
				DEBUG_INFORMATION_FORMAT = "dwarf-with-dsym";
				ENABLE_NS_ASSERTIONS = NO;
				ENABLE_STRICT_OBJC_MSGSEND = YES;
				GCC_C_LANGUAGE_STANDARD = gnu11;
				GCC_NO_COMMON_BLOCKS = YES;
				GCC_WARN_64_TO_32_BIT_CONVERSION = YES;
				GCC_WARN_ABOUT_RETURN_TYPE = YES_ERROR;
				GCC_WARN_UNDECLARED_SELECTOR = YES;
				GCC_WARN_UNINITIALIZED_AUTOS = YES_AGGRESSIVE;
				GCC_WARN_UNUSED_FUNCTION = YES;
				GCC_WARN_UNUSED_VARIABLE = YES;
				IPHONEOS_DEPLOYMENT_TARGET = 14.0;
				MTL_ENABLE_DEBUG_INFO = NO;
				MTL_FAST_MATH = YES;
				SDKROOT = iphoneos;
				SWIFT_COMPILATION_MODE = wholemodule;
				SWIFT_OPTIMIZATION_LEVEL = "-O";
				VALIDATE_PRODUCT = YES;
			};
			name = Release;
		};
		F32ACC1328235D530082AF30 /* Debug */ = {
			isa = XCBuildConfiguration;
			baseConfigurationReference = 2F9EA8129964B7F5609AAF6E /* Pods-Weekand.debug.xcconfig */;
			buildSettings = {
				ASSETCATALOG_COMPILER_APPICON_NAME = AppIcon;
				ASSETCATALOG_COMPILER_GLOBAL_ACCENT_COLOR_NAME = AccentColor;
				CODE_SIGN_STYLE = Automatic;
				CURRENT_PROJECT_VERSION = 1;
				GENERATE_INFOPLIST_FILE = YES;
				INFOPLIST_FILE = Weekand/Resources/Info.plist;
				INFOPLIST_KEY_UIApplicationSupportsIndirectInputEvents = YES;
				INFOPLIST_KEY_UILaunchStoryboardName = LaunchScreen;
				INFOPLIST_KEY_UIMainStoryboardFile = Main;
				INFOPLIST_KEY_UISupportedInterfaceOrientations_iPad = "UIInterfaceOrientationPortrait UIInterfaceOrientationPortraitUpsideDown UIInterfaceOrientationLandscapeLeft UIInterfaceOrientationLandscapeRight";
				INFOPLIST_KEY_UISupportedInterfaceOrientations_iPhone = "UIInterfaceOrientationPortrait UIInterfaceOrientationLandscapeLeft UIInterfaceOrientationLandscapeRight";
				IPHONEOS_DEPLOYMENT_TARGET = 14.0;
				LD_RUNPATH_SEARCH_PATHS = (
					"$(inherited)",
					"@executable_path/Frameworks",
				);
				MARKETING_VERSION = 1.0;
				PRODUCT_BUNDLE_IDENTIFIER = hoyoung.Weekand;
				PRODUCT_NAME = "$(TARGET_NAME)";
				SWIFT_EMIT_LOC_STRINGS = YES;
				SWIFT_VERSION = 5.0;
				TARGETED_DEVICE_FAMILY = "1,2";
			};
			name = Debug;
		};
		F32ACC1428235D530082AF30 /* Release */ = {
			isa = XCBuildConfiguration;
			baseConfigurationReference = F77A7360107CB67CF89A6DEF /* Pods-Weekand.release.xcconfig */;
			buildSettings = {
				ASSETCATALOG_COMPILER_APPICON_NAME = AppIcon;
				ASSETCATALOG_COMPILER_GLOBAL_ACCENT_COLOR_NAME = AccentColor;
				CODE_SIGN_STYLE = Automatic;
				CURRENT_PROJECT_VERSION = 1;
				GENERATE_INFOPLIST_FILE = YES;
				INFOPLIST_FILE = Weekand/Resources/Info.plist;
				INFOPLIST_KEY_UIApplicationSupportsIndirectInputEvents = YES;
				INFOPLIST_KEY_UILaunchStoryboardName = LaunchScreen;
				INFOPLIST_KEY_UIMainStoryboardFile = Main;
				INFOPLIST_KEY_UISupportedInterfaceOrientations_iPad = "UIInterfaceOrientationPortrait UIInterfaceOrientationPortraitUpsideDown UIInterfaceOrientationLandscapeLeft UIInterfaceOrientationLandscapeRight";
				INFOPLIST_KEY_UISupportedInterfaceOrientations_iPhone = "UIInterfaceOrientationPortrait UIInterfaceOrientationLandscapeLeft UIInterfaceOrientationLandscapeRight";
				IPHONEOS_DEPLOYMENT_TARGET = 14.0;
				LD_RUNPATH_SEARCH_PATHS = (
					"$(inherited)",
					"@executable_path/Frameworks",
				);
				MARKETING_VERSION = 1.0;
				PRODUCT_BUNDLE_IDENTIFIER = hoyoung.Weekand;
				PRODUCT_NAME = "$(TARGET_NAME)";
				SWIFT_EMIT_LOC_STRINGS = YES;
				SWIFT_VERSION = 5.0;
				TARGETED_DEVICE_FAMILY = "1,2";
			};
			name = Release;
		};
/* End XCBuildConfiguration section */

/* Begin XCConfigurationList section */
		F32ACBF928235D500082AF30 /* Build configuration list for PBXProject "Weekand" */ = {
			isa = XCConfigurationList;
			buildConfigurations = (
				F32ACC1028235D530082AF30 /* Debug */,
				F32ACC1128235D530082AF30 /* Release */,
			);
			defaultConfigurationIsVisible = 0;
			defaultConfigurationName = Release;
		};
		F32ACC1228235D530082AF30 /* Build configuration list for PBXNativeTarget "Weekand" */ = {
			isa = XCConfigurationList;
			buildConfigurations = (
				F32ACC1328235D530082AF30 /* Debug */,
				F32ACC1428235D530082AF30 /* Release */,
			);
			defaultConfigurationIsVisible = 0;
			defaultConfigurationName = Release;
		};
/* End XCConfigurationList section */
	};
	rootObject = F32ACBF628235D500082AF30 /* Project object */;
}
